// !$*UTF8*$!
{
	archiveVersion = 1;
	classes = {
	};
	objectVersion = 56;
	objects = {

/* Begin PBXBuildFile section */
		5C3F39B22CB7F50D0040325C /* TestViewModel.swift in Sources */ = {isa = PBXBuildFile; fileRef = 5C3F39A02CB7F50D0040325C /* TestViewModel.swift */; };
		5C3F39B32CB7F50D0040325C /* ServerRepository.swift in Sources */ = {isa = PBXBuildFile; fileRef = 5C3F39A42CB7F50D0040325C /* ServerRepository.swift */; };
		5C3F39B42CB7F50D0040325C /* Constants.swift in Sources */ = {isa = PBXBuildFile; fileRef = 5C3F39A62CB7F50D0040325C /* Constants.swift */; };
		5C3F39B52CB7F50D0040325C /* CancelBag.swift in Sources */ = {isa = PBXBuildFile; fileRef = 5C3F39A72CB7F50D0040325C /* CancelBag.swift */; };
		5C3F39B62CB7F50D0040325C /* Formatters.swift in Sources */ = {isa = PBXBuildFile; fileRef = 5C3F39A82CB7F50D0040325C /* Formatters.swift */; };
		5C3F39B72CB7F50D0040325C /* AnyPlublished + canceble.swift in Sources */ = {isa = PBXBuildFile; fileRef = 5C3F39AA2CB7F50D0040325C /* AnyPlublished + canceble.swift */; };
		5C3F39B82CB7F50D0040325C /* Future+convenience.swift in Sources */ = {isa = PBXBuildFile; fileRef = 5C3F39AB2CB7F50D0040325C /* Future+convenience.swift */; };
		5C3F39BA2CB7F50D0040325C /* ServerModel.swift in Sources */ = {isa = PBXBuildFile; fileRef = 5C3F39AE2CB7F50D0040325C /* ServerModel.swift */; };
		5C3F39BB2CB7F50D0040325C /* PingModel.swift in Sources */ = {isa = PBXBuildFile; fileRef = 5C3F39AF2CB7F50D0040325C /* PingModel.swift */; };
		5C3F39BC2CB7F50D0040325C /* DownloadModel.swift in Sources */ = {isa = PBXBuildFile; fileRef = 5C3F39B02CB7F50D0040325C /* DownloadModel.swift */; };
		5C3F39BD2CB7F50D0040325C /* UploadModel.swift in Sources */ = {isa = PBXBuildFile; fileRef = 5C3F39B12CB7F50D0040325C /* UploadModel.swift */; };
		5C3F39BF2CB7FF660040325C /* ServerService.swift in Sources */ = {isa = PBXBuildFile; fileRef = 5C3F39BE2CB7FF660040325C /* ServerService.swift */; };
		5C3F39C32CB801190040325C /* ServersEnum.swift in Sources */ = {isa = PBXBuildFile; fileRef = 5C3F39C22CB801190040325C /* ServersEnum.swift */; };
		5C3F39C52CB8048C0040325C /* ClosestServer.swift in Sources */ = {isa = PBXBuildFile; fileRef = 5C3F39C42CB8048C0040325C /* ClosestServer.swift */; };
/* End PBXBuildFile section */

/* Begin PBXCopyFilesBuildPhase section */
		5C3F39942CB7F4D40040325C /* CopyFiles */ = {
			isa = PBXCopyFilesBuildPhase;
			buildActionMask = 2147483647;
			dstPath = "include/$(PRODUCT_NAME)";
			dstSubfolderSpec = 16;
			files = (
			);
			runOnlyForDeploymentPostprocessing = 0;
		};
/* End PBXCopyFilesBuildPhase section */

/* Begin PBXFileReference section */
		5C3F39962CB7F4D40040325C /* libSpeedChecker.a */ = {isa = PBXFileReference; explicitFileType = archive.ar; includeInIndex = 0; path = libSpeedChecker.a; sourceTree = BUILT_PRODUCTS_DIR; };
		5C3F39A02CB7F50D0040325C /* TestViewModel.swift */ = {isa = PBXFileReference; fileEncoding = 4; lastKnownFileType = sourcecode.swift; path = TestViewModel.swift; sourceTree = "<group>"; };
		5C3F39A32CB7F50D0040325C /* ServerList.json */ = {isa = PBXFileReference; fileEncoding = 4; lastKnownFileType = text.json; path = ServerList.json; sourceTree = "<group>"; };
		5C3F39A42CB7F50D0040325C /* ServerRepository.swift */ = {isa = PBXFileReference; fileEncoding = 4; lastKnownFileType = sourcecode.swift; path = ServerRepository.swift; sourceTree = "<group>"; };
		5C3F39A62CB7F50D0040325C /* Constants.swift */ = {isa = PBXFileReference; fileEncoding = 4; lastKnownFileType = sourcecode.swift; path = Constants.swift; sourceTree = "<group>"; };
		5C3F39A72CB7F50D0040325C /* CancelBag.swift */ = {isa = PBXFileReference; fileEncoding = 4; lastKnownFileType = sourcecode.swift; path = CancelBag.swift; sourceTree = "<group>"; };
		5C3F39A82CB7F50D0040325C /* Formatters.swift */ = {isa = PBXFileReference; fileEncoding = 4; lastKnownFileType = sourcecode.swift; path = Formatters.swift; sourceTree = "<group>"; };
		5C3F39AA2CB7F50D0040325C /* AnyPlublished + canceble.swift */ = {isa = PBXFileReference; fileEncoding = 4; lastKnownFileType = sourcecode.swift; path = "AnyPlublished + canceble.swift"; sourceTree = "<group>"; };
		5C3F39AB2CB7F50D0040325C /* Future+convenience.swift */ = {isa = PBXFileReference; fileEncoding = 4; lastKnownFileType = sourcecode.swift; path = "Future+convenience.swift"; sourceTree = "<group>"; };
		5C3F39AE2CB7F50D0040325C /* ServerModel.swift */ = {isa = PBXFileReference; fileEncoding = 4; lastKnownFileType = sourcecode.swift; path = ServerModel.swift; sourceTree = "<group>"; };
		5C3F39AF2CB7F50D0040325C /* PingModel.swift */ = {isa = PBXFileReference; fileEncoding = 4; lastKnownFileType = sourcecode.swift; path = PingModel.swift; sourceTree = "<group>"; };
		5C3F39B02CB7F50D0040325C /* DownloadModel.swift */ = {isa = PBXFileReference; fileEncoding = 4; lastKnownFileType = sourcecode.swift; path = DownloadModel.swift; sourceTree = "<group>"; };
		5C3F39B12CB7F50D0040325C /* UploadModel.swift */ = {isa = PBXFileReference; fileEncoding = 4; lastKnownFileType = sourcecode.swift; path = UploadModel.swift; sourceTree = "<group>"; };
		5C3F39BE2CB7FF660040325C /* ServerService.swift */ = {isa = PBXFileReference; lastKnownFileType = sourcecode.swift; path = ServerService.swift; sourceTree = "<group>"; };
		5C3F39C22CB801190040325C /* ServersEnum.swift */ = {isa = PBXFileReference; lastKnownFileType = sourcecode.swift; path = ServersEnum.swift; sourceTree = "<group>"; };
		5C3F39C42CB8048C0040325C /* ClosestServer.swift */ = {isa = PBXFileReference; lastKnownFileType = sourcecode.swift; path = ClosestServer.swift; sourceTree = "<group>"; };
/* End PBXFileReference section */

/* Begin PBXFrameworksBuildPhase section */
		5C3F39932CB7F4D40040325C /* Frameworks */ = {
			isa = PBXFrameworksBuildPhase;
			buildActionMask = 2147483647;
			files = (
			);
			runOnlyForDeploymentPostprocessing = 0;
		};
/* End PBXFrameworksBuildPhase section */

/* Begin PBXGroup section */
		5C3F398D2CB7F4D40040325C = {
			isa = PBXGroup;
			children = (
				5C3F39982CB7F4D40040325C /* SpeedChecker */,
				5C3F39972CB7F4D40040325C /* Products */,
			);
			sourceTree = "<group>";
		};
		5C3F39972CB7F4D40040325C /* Products */ = {
			isa = PBXGroup;
			children = (
				5C3F39962CB7F4D40040325C /* libSpeedChecker.a */,
			);
			name = Products;
			sourceTree = "<group>";
		};
		5C3F39982CB7F4D40040325C /* SpeedChecker */ = {
			isa = PBXGroup;
			children = (
				5C3F39A12CB7F50D0040325C /* Configurations */,
				5C3F39A92CB7F50D0040325C /* Extension */,
				5C3F39AD2CB7F50D0040325C /* Modules */,
				5C3F39A02CB7F50D0040325C /* TestViewModel.swift */,
				5C3F39A52CB7F50D0040325C /* Utils */,
			);
			path = SpeedChecker;
			sourceTree = "<group>";
		};
		5C3F39A12CB7F50D0040325C /* Configurations */ = {
			isa = PBXGroup;
			children = (
				5C3F39A32CB7F50D0040325C /* ServerList.json */,
				5C3F39C22CB801190040325C /* ServersEnum.swift */,
			);
			path = Configurations;
			sourceTree = "<group>";
		};
		5C3F39A52CB7F50D0040325C /* Utils */ = {
			isa = PBXGroup;
			children = (
				5C3F39A62CB7F50D0040325C /* Constants.swift */,
				5C3F39A72CB7F50D0040325C /* CancelBag.swift */,
				5C3F39A82CB7F50D0040325C /* Formatters.swift */,
				5C3F39C42CB8048C0040325C /* ClosestServer.swift */,
			);
			path = Utils;
			sourceTree = "<group>";
		};
		5C3F39A92CB7F50D0040325C /* Extension */ = {
			isa = PBXGroup;
			children = (
				5C3F39AA2CB7F50D0040325C /* AnyPlublished + canceble.swift */,
				5C3F39AB2CB7F50D0040325C /* Future+convenience.swift */,
			);
			path = Extension;
			sourceTree = "<group>";
		};
		5C3F39AD2CB7F50D0040325C /* Modules */ = {
			isa = PBXGroup;
			children = (
				5C3F39AE2CB7F50D0040325C /* ServerModel.swift */,
				5C3F39AF2CB7F50D0040325C /* PingModel.swift */,
				5C3F39B02CB7F50D0040325C /* DownloadModel.swift */,
				5C3F39B12CB7F50D0040325C /* UploadModel.swift */,
				5C3F39BE2CB7FF660040325C /* ServerService.swift */,
				5C3F39A42CB7F50D0040325C /* ServerRepository.swift */,
			);
			path = Modules;
			sourceTree = "<group>";
		};
/* End PBXGroup section */

/* Begin PBXNativeTarget section */
		5C3F39952CB7F4D40040325C /* SpeedChecker */ = {
			isa = PBXNativeTarget;
			buildConfigurationList = 5C3F399D2CB7F4D40040325C /* Build configuration list for PBXNativeTarget "SpeedChecker" */;
			buildPhases = (
				5C3F39922CB7F4D40040325C /* Sources */,
				5C3F39932CB7F4D40040325C /* Frameworks */,
				5C3F39942CB7F4D40040325C /* CopyFiles */,
			);
			buildRules = (
			);
			dependencies = (
			);
			name = SpeedChecker;
			productName = SpeedChecker;
			productReference = 5C3F39962CB7F4D40040325C /* libSpeedChecker.a */;
			productType = "com.apple.product-type.library.static";
		};
/* End PBXNativeTarget section */

/* Begin PBXProject section */
		5C3F398E2CB7F4D40040325C /* Project object */ = {
			isa = PBXProject;
			attributes = {
				BuildIndependentTargetsInParallel = 1;
				LastSwiftUpdateCheck = 1520;
				LastUpgradeCheck = 1520;
				TargetAttributes = {
					5C3F39952CB7F4D40040325C = {
						CreatedOnToolsVersion = 15.2;
					};
				};
			};
			buildConfigurationList = 5C3F39912CB7F4D40040325C /* Build configuration list for PBXProject "SpeedChecker" */;
			compatibilityVersion = "Xcode 14.0";
			developmentRegion = en;
			hasScannedForEncodings = 0;
			knownRegions = (
				en,
				Base,
			);
			mainGroup = 5C3F398D2CB7F4D40040325C;
			productRefGroup = 5C3F39972CB7F4D40040325C /* Products */;
			projectDirPath = "";
			projectRoot = "";
			targets = (
				5C3F39952CB7F4D40040325C /* SpeedChecker */,
			);
		};
/* End PBXProject section */

/* Begin PBXSourcesBuildPhase section */
		5C3F39922CB7F4D40040325C /* Sources */ = {
			isa = PBXSourcesBuildPhase;
			buildActionMask = 2147483647;
			files = (
				5C3F39B72CB7F50D0040325C /* AnyPlublished + canceble.swift in Sources */,
				5C3F39BF2CB7FF660040325C /* ServerService.swift in Sources */,
				5C3F39BA2CB7F50D0040325C /* ServerModel.swift in Sources */,
				5C3F39B62CB7F50D0040325C /* Formatters.swift in Sources */,
				5C3F39BD2CB7F50D0040325C /* UploadModel.swift in Sources */,
				5C3F39C52CB8048C0040325C /* ClosestServer.swift in Sources */,
				5C3F39B22CB7F50D0040325C /* TestViewModel.swift in Sources */,
				5C3F39B52CB7F50D0040325C /* CancelBag.swift in Sources */,
				5C3F39BB2CB7F50D0040325C /* PingModel.swift in Sources */,
				5C3F39B32CB7F50D0040325C /* ServerRepository.swift in Sources */,
				5C3F39B82CB7F50D0040325C /* Future+convenience.swift in Sources */,
				5C3F39B42CB7F50D0040325C /* Constants.swift in Sources */,
				5C3F39C32CB801190040325C /* ServersEnum.swift in Sources */,
				5C3F39BC2CB7F50D0040325C /* DownloadModel.swift in Sources */,
			);
			runOnlyForDeploymentPostprocessing = 0;
		};
/* End PBXSourcesBuildPhase section */

/* Begin XCBuildConfiguration section */
		5C3F399B2CB7F4D40040325C /* Debug */ = {
			isa = XCBuildConfiguration;
			buildSettings = {
				ALWAYS_SEARCH_USER_PATHS = NO;
				ASSETCATALOG_COMPILER_GENERATE_SWIFT_ASSET_SYMBOL_EXTENSIONS = YES;
				CLANG_ANALYZER_NONNULL = YES;
				CLANG_ANALYZER_NUMBER_OBJECT_CONVERSION = YES_AGGRESSIVE;
				CLANG_CXX_LANGUAGE_STANDARD = "gnu++20";
				CLANG_ENABLE_MODULES = YES;
				CLANG_ENABLE_OBJC_ARC = YES;
				CLANG_ENABLE_OBJC_WEAK = YES;
				CLANG_WARN_BLOCK_CAPTURE_AUTORELEASING = YES;
				CLANG_WARN_BOOL_CONVERSION = YES;
				CLANG_WARN_COMMA = YES;
				CLANG_WARN_CONSTANT_CONVERSION = YES;
				CLANG_WARN_DEPRECATED_OBJC_IMPLEMENTATIONS = YES;
				CLANG_WARN_DIRECT_OBJC_ISA_USAGE = YES_ERROR;
				CLANG_WARN_DOCUMENTATION_COMMENTS = YES;
				CLANG_WARN_EMPTY_BODY = YES;
				CLANG_WARN_ENUM_CONVERSION = YES;
				CLANG_WARN_INFINITE_RECURSION = YES;
				CLANG_WARN_INT_CONVERSION = YES;
				CLANG_WARN_NON_LITERAL_NULL_CONVERSION = YES;
				CLANG_WARN_OBJC_IMPLICIT_RETAIN_SELF = YES;
				CLANG_WARN_OBJC_LITERAL_CONVERSION = YES;
				CLANG_WARN_OBJC_ROOT_CLASS = YES_ERROR;
				CLANG_WARN_QUOTED_INCLUDE_IN_FRAMEWORK_HEADER = YES;
				CLANG_WARN_RANGE_LOOP_ANALYSIS = YES;
				CLANG_WARN_STRICT_PROTOTYPES = YES;
				CLANG_WARN_SUSPICIOUS_MOVE = YES;
				CLANG_WARN_UNGUARDED_AVAILABILITY = YES_AGGRESSIVE;
				CLANG_WARN_UNREACHABLE_CODE = YES;
				CLANG_WARN__DUPLICATE_METHOD_MATCH = YES;
				COPY_PHASE_STRIP = NO;
				DEBUG_INFORMATION_FORMAT = dwarf;
				ENABLE_STRICT_OBJC_MSGSEND = YES;
				ENABLE_TESTABILITY = YES;
				ENABLE_USER_SCRIPT_SANDBOXING = YES;
				GCC_C_LANGUAGE_STANDARD = gnu17;
				GCC_DYNAMIC_NO_PIC = NO;
				GCC_NO_COMMON_BLOCKS = YES;
				GCC_OPTIMIZATION_LEVEL = 0;
				GCC_PREPROCESSOR_DEFINITIONS = (
					"DEBUG=1",
					"$(inherited)",
				);
				GCC_WARN_64_TO_32_BIT_CONVERSION = YES;
				GCC_WARN_ABOUT_RETURN_TYPE = YES_ERROR;
				GCC_WARN_UNDECLARED_SELECTOR = YES;
				GCC_WARN_UNINITIALIZED_AUTOS = YES_AGGRESSIVE;
				GCC_WARN_UNUSED_FUNCTION = YES;
				GCC_WARN_UNUSED_VARIABLE = YES;
				IPHONEOS_DEPLOYMENT_TARGET = 17.2;
				LOCALIZATION_PREFERS_STRING_CATALOGS = YES;
				MTL_ENABLE_DEBUG_INFO = INCLUDE_SOURCE;
				MTL_FAST_MATH = YES;
				ONLY_ACTIVE_ARCH = YES;
				SDKROOT = iphoneos;
				SWIFT_ACTIVE_COMPILATION_CONDITIONS = "DEBUG $(inherited)";
				SWIFT_OPTIMIZATION_LEVEL = "-Onone";
			};
			name = Debug;
		};
		5C3F399C2CB7F4D40040325C /* Release */ = {
			isa = XCBuildConfiguration;
			buildSettings = {
				ALWAYS_SEARCH_USER_PATHS = NO;
				ASSETCATALOG_COMPILER_GENERATE_SWIFT_ASSET_SYMBOL_EXTENSIONS = YES;
				CLANG_ANALYZER_NONNULL = YES;
				CLANG_ANALYZER_NUMBER_OBJECT_CONVERSION = YES_AGGRESSIVE;
				CLANG_CXX_LANGUAGE_STANDARD = "gnu++20";
				CLANG_ENABLE_MODULES = YES;
				CLANG_ENABLE_OBJC_ARC = YES;
				CLANG_ENABLE_OBJC_WEAK = YES;
				CLANG_WARN_BLOCK_CAPTURE_AUTORELEASING = YES;
				CLANG_WARN_BOOL_CONVERSION = YES;
				CLANG_WARN_COMMA = YES;
				CLANG_WARN_CONSTANT_CONVERSION = YES;
				CLANG_WARN_DEPRECATED_OBJC_IMPLEMENTATIONS = YES;
				CLANG_WARN_DIRECT_OBJC_ISA_USAGE = YES_ERROR;
				CLANG_WARN_DOCUMENTATION_COMMENTS = YES;
				CLANG_WARN_EMPTY_BODY = YES;
				CLANG_WARN_ENUM_CONVERSION = YES;
				CLANG_WARN_INFINITE_RECURSION = YES;
				CLANG_WARN_INT_CONVERSION = YES;
				CLANG_WARN_NON_LITERAL_NULL_CONVERSION = YES;
				CLANG_WARN_OBJC_IMPLICIT_RETAIN_SELF = YES;
				CLANG_WARN_OBJC_LITERAL_CONVERSION = YES;
				CLANG_WARN_OBJC_ROOT_CLASS = YES_ERROR;
				CLANG_WARN_QUOTED_INCLUDE_IN_FRAMEWORK_HEADER = YES;
				CLANG_WARN_RANGE_LOOP_ANALYSIS = YES;
				CLANG_WARN_STRICT_PROTOTYPES = YES;
				CLANG_WARN_SUSPICIOUS_MOVE = YES;
				CLANG_WARN_UNGUARDED_AVAILABILITY = YES_AGGRESSIVE;
				CLANG_WARN_UNREACHABLE_CODE = YES;
				CLANG_WARN__DUPLICATE_METHOD_MATCH = YES;
				COPY_PHASE_STRIP = NO;
				DEBUG_INFORMATION_FORMAT = "dwarf-with-dsym";
				ENABLE_NS_ASSERTIONS = NO;
				ENABLE_STRICT_OBJC_MSGSEND = YES;
				ENABLE_USER_SCRIPT_SANDBOXING = YES;
				GCC_C_LANGUAGE_STANDARD = gnu17;
				GCC_NO_COMMON_BLOCKS = YES;
				GCC_WARN_64_TO_32_BIT_CONVERSION = YES;
				GCC_WARN_ABOUT_RETURN_TYPE = YES_ERROR;
				GCC_WARN_UNDECLARED_SELECTOR = YES;
				GCC_WARN_UNINITIALIZED_AUTOS = YES_AGGRESSIVE;
				GCC_WARN_UNUSED_FUNCTION = YES;
				GCC_WARN_UNUSED_VARIABLE = YES;
				IPHONEOS_DEPLOYMENT_TARGET = 17.2;
				LOCALIZATION_PREFERS_STRING_CATALOGS = YES;
				MTL_ENABLE_DEBUG_INFO = NO;
				MTL_FAST_MATH = YES;
				SDKROOT = iphoneos;
				SWIFT_COMPILATION_MODE = wholemodule;
				VALIDATE_PRODUCT = YES;
			};
			name = Release;
		};
		5C3F399E2CB7F4D40040325C /* Debug */ = {
			isa = XCBuildConfiguration;
			buildSettings = {
				CODE_SIGN_STYLE = Automatic;
				DEVELOPMENT_TEAM = QM22M77CL6;
				OTHER_LDFLAGS = "-ObjC";
				PRODUCT_NAME = "$(TARGET_NAME)";
				SKIP_INSTALL = YES;
				SWIFT_VERSION = 5.0;
				TARGETED_DEVICE_FAMILY = "1,2";
			};
			name = Debug;
		};
		5C3F399F2CB7F4D40040325C /* Release */ = {
			isa = XCBuildConfiguration;
			buildSettings = {
				CODE_SIGN_STYLE = Automatic;
				DEVELOPMENT_TEAM = QM22M77CL6;
				OTHER_LDFLAGS = "-ObjC";
				PRODUCT_NAME = "$(TARGET_NAME)";
				SKIP_INSTALL = YES;
				SWIFT_VERSION = 5.0;
				TARGETED_DEVICE_FAMILY = "1,2";
			};
			name = Release;
		};
/* End XCBuildConfiguration section */

/* Begin XCConfigurationList section */
		5C3F39912CB7F4D40040325C /* Build configuration list for PBXProject "SpeedChecker" */ = {
			isa = XCConfigurationList;
			buildConfigurations = (
				5C3F399B2CB7F4D40040325C /* Debug */,
				5C3F399C2CB7F4D40040325C /* Release */,
			);
			defaultConfigurationIsVisible = 0;
			defaultConfigurationName = Release;
		};
		5C3F399D2CB7F4D40040325C /* Build configuration list for PBXNativeTarget "SpeedChecker" */ = {
			isa = XCConfigurationList;
			buildConfigurations = (
				5C3F399E2CB7F4D40040325C /* Debug */,
				5C3F399F2CB7F4D40040325C /* Release */,
			);
			defaultConfigurationIsVisible = 0;
			defaultConfigurationName = Release;
		};
/* End XCConfigurationList section */
	};
	rootObject = 5C3F398E2CB7F4D40040325C /* Project object */;
}
